{
  "name": "@jaypie/core-test-client",
  "lockfileVersion": 3,
  "requires": true,
  "packages": {
    "": {
      "name": "@jaypie/core-test-client",
      "dependencies": {
        "@jaypie/core": "file:../.."
      }
    },
    "../..": {
      "version": "0.1.0",
      "dependencies": {
        "@knowdev/arguments": "^1.3.0",
        "@knowdev/errors": "^2.0.2",
        "@knowdev/functions": "^1.0.0",
        "@knowdev/http": "^1.4.0",
        "@knowdev/log": "^1.0.2",
        "lodash.clonedeep": "^4.5.0"
      },
      "devDependencies": {
        "eslint": "^8.57.0",
        "eslint-config-prettier": "^9.1.0",
        "eslint-plugin-import": "^2.29.1",
        "eslint-plugin-prettier": "^5.1.3",
        "eslint-plugin-vitest": "^0.3.22",
        "hygen": "^6.2.11",
        "jest-extended": "^4.0.2",
        "prettier": "^3.2.5",
        "sort-package-json": "^2.8.0",
        "vitest": "^1.3.1"
      }
    },
    "node_modules/@jaypie/core": {
      "resolved": "../..",
      "link": true
    }
  }
}
